
Microsoft Visual Studio Solution File, Format Version 12.00
# Visual Studio Version 16
VisualStudioVersion = 16.0.28803.202
MinimumVisualStudioVersion = 10.0.40219.1
Project("{FAE04EC0-301F-11D3-BF4B-00C04F79EFBC}") = "LibraryApplication", "LibraryApplication\LibraryApplication.csproj", "{4C6B979C-2E97-4E28-95C0-2BDFE3CDF391}"
EndProject
Global
	GlobalSection(SolutionConfigurationPlatforms) = preSolution
		Debug|Any CPU = Debug|Any CPU
		Release|Any CPU = Release|Any CPU
	EndGlobalSection
	GlobalSection(ProjectConfigurationPlatforms) = postSolution
		{4C6B979C-2E97-4E28-95C0-2BDFE3CDF391}.Debug|Any CPU.ActiveCfg = Debug|Any CPU
		{4C6B979C-2E97-4E28-95C0-2BDFE3CDF391}.Debug|Any CPU.Build.0 = Debug|Any CPU
		{4C6B979C-2E97-4E28-95C0-2BDFE3CDF391}.Release|Any CPU.ActiveCfg = Release|Any CPU
		{4C6B979C-2E97-4E28-95C0-2BDFE3CDF391}.Release|Any CPU.Build.0 = Release|Any CPU
	EndGlobalSection
	GlobalSection(SolutionProperties) = preSolution
		HideSolutionNode = FALSE
	EndGlobalSection
	GlobalSection(ExtensibilityGlobals) = postSolution
		SolutionGuid = {95042445-D800-452D-9673-DB7688204A81}
	EndGlobalSection
EndGlobal
